
Microsoft Visual Studio Solution File, Format Version 12.00
# Visual Studio Version 17
VisualStudioVersion = 17.3.32929.385
MinimumVisualStudioVersion = 10.0.40219.1
Project("{FAE04EC0-301F-11D3-BF4B-00C04F79EFBC}") = "StreamWriter", "StreamWriter\StreamWriter.csproj", "{9AD6CB65-FC02-4EA7-BAE8-3C62815CDCB9}"
EndProject
Global
	GlobalSection(SolutionConfigurationPlatforms) = preSolution
		Debug|Any CPU = Debug|Any CPU
		Release|Any CPU = Release|Any CPU
	EndGlobalSection
	GlobalSection(ProjectConfigurationPlatforms) = postSolution
		{9AD6CB65-FC02-4EA7-BAE8-3C62815CDCB9}.Debug|Any CPU.ActiveCfg = Debug|Any CPU
		{9AD6CB65-FC02-4EA7-BAE8-3C62815CDCB9}.Debug|Any CPU.Build.0 = Debug|Any CPU
		{9AD6CB65-FC02-4EA7-BAE8-3C62815CDCB9}.Release|Any CPU.ActiveCfg = Release|Any CPU
		{9AD6CB65-FC02-4EA7-BAE8-3C62815CDCB9}.Release|Any CPU.Build.0 = Release|Any CPU
	EndGlobalSection
	GlobalSection(SolutionProperties) = preSolution
		HideSolutionNode = FALSE
	EndGlobalSection
	GlobalSection(ExtensibilityGlobals) = postSolution
		SolutionGuid = {80101922-C575-4848-841E-FD3C2B41853D}
	EndGlobalSection
EndGlobal
